// !$*UTF8*$!
{
	archiveVersion = 1;
	classes = {
	};
	objectVersion = 46;
	objects = {

/* Begin PBXBuildFile section */
		E7047BE914EA62B5008C98E8 /* comment.png in Resources */ = {isa = PBXBuildFile; fileRef = E7047BE714EA62B5008C98E8 /* comment.png */; };
		E7047BEA14EA62B5008C98E8 /* comment@2x.png in Resources */ = {isa = PBXBuildFile; fileRef = E7047BE814EA62B5008C98E8 /* comment@2x.png */; };
		E7047BEE14EA6387008C98E8 /* speaker@2x.png in Resources */ = {isa = PBXBuildFile; fileRef = E7047BEC14EA6387008C98E8 /* speaker@2x.png */; };
		E7047BEF14EA6387008C98E8 /* speaker.png in Resources */ = {isa = PBXBuildFile; fileRef = E7047BED14EA6387008C98E8 /* speaker.png */; };
		E7047BF214EA63F6008C98E8 /* star.png in Resources */ = {isa = PBXBuildFile; fileRef = E7047BF014EA63F6008C98E8 /* star.png */; };
		E7047BF314EA63F6008C98E8 /* star@2x.png in Resources */ = {isa = PBXBuildFile; fileRef = E7047BF114EA63F6008C98E8 /* star@2x.png */; };
		E7047BF614EA6788008C98E8 /* more.png in Resources */ = {isa = PBXBuildFile; fileRef = E7047BF414EA6788008C98E8 /* more.png */; };
		E7047BF714EA6788008C98E8 /* more@2x.png in Resources */ = {isa = PBXBuildFile; fileRef = E7047BF514EA6788008C98E8 /* more@2x.png */; };
		E7047BFB14EA693C008C98E8 /* CommentViewController.m in Sources */ = {isa = PBXBuildFile; fileRef = E7047BF914EA693C008C98E8 /* CommentViewController.m */; };
		E7047BFC14EA693C008C98E8 /* CommentViewController.xib in Resources */ = {isa = PBXBuildFile; fileRef = E7047BFA14EA693C008C98E8 /* CommentViewController.xib */; };
		E7047BFF14EA6C45008C98E8 /* navigationBackground.png in Resources */ = {isa = PBXBuildFile; fileRef = E7047BFD14EA6C45008C98E8 /* navigationBackground.png */; };
		E7047C0014EA6C45008C98E8 /* navigationBackground@2x.png in Resources */ = {isa = PBXBuildFile; fileRef = E7047BFE14EA6C45008C98E8 /* navigationBackground@2x.png */; };
		E7047C0714EA6F05008C98E8 /* delete.png in Resources */ = {isa = PBXBuildFile; fileRef = E7047C0514EA6F05008C98E8 /* delete.png */; };
		E7047C0814EA6F05008C98E8 /* delete@2x.png in Resources */ = {isa = PBXBuildFile; fileRef = E7047C0614EA6F05008C98E8 /* delete@2x.png */; };
		E7047C0B14EA7568008C98E8 /* netbar.png in Resources */ = {isa = PBXBuildFile; fileRef = E7047C0914EA7568008C98E8 /* netbar.png */; };
		E7047C0C14EA7568008C98E8 /* netbar@2x.png in Resources */ = {isa = PBXBuildFile; fileRef = E7047C0A14EA7568008C98E8 /* netbar@2x.png */; };
		E70BB22814E5F82F001A4A31 /* home@2x.png in Resources */ = {isa = PBXBuildFile; fileRef = E70BB22714E5F82F001A4A31 /* home@2x.png */; };
		E70BB22A14E5FCD6001A4A31 /* message@2x.png in Resources */ = {isa = PBXBuildFile; fileRef = E70BB22914E5FCD6001A4A31 /* message@2x.png */; };
		E70BB22D14E606ED001A4A31 /* navigationPortraitBackground@2x.png in Resources */ = {isa = PBXBuildFile; fileRef = E70BB22B14E606ED001A4A31 /* navigationPortraitBackground@2x.png */; };
		E70BB22E14E606ED001A4A31 /* navigationPortraitBackground.png in Resources */ = {isa = PBXBuildFile; fileRef = E70BB22C14E606ED001A4A31 /* navigationPortraitBackground.png */; };
		E70BB23114E61218001A4A31 /* tabBarPortraitBackground@2x.png in Resources */ = {isa = PBXBuildFile; fileRef = E70BB22F14E61218001A4A31 /* tabBarPortraitBackground@2x.png */; };
		E70BB23214E61218001A4A31 /* tabBarPortraitBackground.png in Resources */ = {isa = PBXBuildFile; fileRef = E70BB23014E61218001A4A31 /* tabBarPortraitBackground.png */; };
		E70BB23714E6140D001A4A31 /* ProfileViewController.m in Sources */ = {isa = PBXBuildFile; fileRef = E70BB23514E6140D001A4A31 /* ProfileViewController.m */; };
		E70BB23814E6140D001A4A31 /* ProfileViewController.xib in Resources */ = {isa = PBXBuildFile; fileRef = E70BB23614E6140D001A4A31 /* ProfileViewController.xib */; };
		E70BB23C14E61574001A4A31 /* ToolViewController.m in Sources */ = {isa = PBXBuildFile; fileRef = E70BB23A14E61574001A4A31 /* ToolViewController.m */; };
		E70BB23D14E61574001A4A31 /* ToolViewController.xib in Resources */ = {isa = PBXBuildFile; fileRef = E70BB23B14E61574001A4A31 /* ToolViewController.xib */; };
		E70BB24414E61729001A4A31 /* profile@2x.png in Resources */ = {isa = PBXBuildFile; fileRef = E70BB24314E61728001A4A31 /* profile@2x.png */; };
		E70BB24614E617F1001A4A31 /* tool@2x.png in Resources */ = {isa = PBXBuildFile; fileRef = E70BB24514E617F1001A4A31 /* tool@2x.png */; };
		E70BB24814E61827001A4A31 /* config@2x.png in Resources */ = {isa = PBXBuildFile; fileRef = E70BB24714E61827001A4A31 /* config@2x.png */; };
		E70BB24C14E61D69001A4A31 /* PostDetailViewController.m in Sources */ = {isa = PBXBuildFile; fileRef = E70BB24A14E61D69001A4A31 /* PostDetailViewController.m */; };
		E70BB24D14E61D69001A4A31 /* PostDetailViewController.xib in Resources */ = {isa = PBXBuildFile; fileRef = E70BB24B14E61D69001A4A31 /* PostDetailViewController.xib */; };
		E70BB25214E62AC7001A4A31 /* refresh@2x.png in Resources */ = {isa = PBXBuildFile; fileRef = E70BB25014E62AC7001A4A31 /* refresh@2x.png */; };
		E70BB25314E62AC7001A4A31 /* refresh.png in Resources */ = {isa = PBXBuildFile; fileRef = E70BB25114E62AC7001A4A31 /* refresh.png */; };
		E70BB25514E62B38001A4A31 /* toolbarBackButtonBackgroundPortrait.png in Resources */ = {isa = PBXBuildFile; fileRef = E70BB25414E62B38001A4A31 /* toolbarBackButtonBackgroundPortrait.png */; };
		E70BB25814E62D2C001A4A31 /* hat@2x.png in Resources */ = {isa = PBXBuildFile; fileRef = E70BB25614E62D2C001A4A31 /* hat@2x.png */; };
		E70BB25914E62D2C001A4A31 /* hat.png in Resources */ = {isa = PBXBuildFile; fileRef = E70BB25714E62D2C001A4A31 /* hat.png */; };
		E70BB25C14E62E53001A4A31 /* post@2x.png in Resources */ = {isa = PBXBuildFile; fileRef = E70BB25A14E62E52001A4A31 /* post@2x.png */; };
		E70BB25D14E62E53001A4A31 /* post.png in Resources */ = {isa = PBXBuildFile; fileRef = E70BB25B14E62E53001A4A31 /* post.png */; };
		E70BB26014E63BD3001A4A31 /* plane@2x.png in Resources */ = {isa = PBXBuildFile; fileRef = E70BB25E14E63BD3001A4A31 /* plane@2x.png */; };
		E70BB26114E63BD3001A4A31 /* plane.png in Resources */ = {isa = PBXBuildFile; fileRef = E70BB25F14E63BD3001A4A31 /* plane.png */; };
		E70BB26814E742CF001A4A31 /* toolbarBackground.png in Resources */ = {isa = PBXBuildFile; fileRef = E70BB26614E742CF001A4A31 /* toolbarBackground.png */; };
		E70BB26914E742CF001A4A31 /* toolbarBackground@2x.png in Resources */ = {isa = PBXBuildFile; fileRef = E70BB26714E742CF001A4A31 /* toolbarBackground@2x.png */; };
		E70BB27314E75CE7001A4A31 /* tabTransparentBackground.png in Resources */ = {isa = PBXBuildFile; fileRef = E70BB27114E75CE7001A4A31 /* tabTransparentBackground.png */; };
		E70BB27414E75CE7001A4A31 /* tabTransparentBackground@2x.png in Resources */ = {isa = PBXBuildFile; fileRef = E70BB27214E75CE7001A4A31 /* tabTransparentBackground@2x.png */; };
		E70BB27714E75E23001A4A31 /* refresh-white.png in Resources */ = {isa = PBXBuildFile; fileRef = E70BB27514E75E22001A4A31 /* refresh-white.png */; };
		E70BB27814E75E23001A4A31 /* refresh-white@2x.png in Resources */ = {isa = PBXBuildFile; fileRef = E70BB27614E75E22001A4A31 /* refresh-white@2x.png */; };
		E70BB27F14E794E6001A4A31 /* PostCell.m in Sources */ = {isa = PBXBuildFile; fileRef = E70BB27E14E794E5001A4A31 /* PostCell.m */; };
		E70BB28214E79723001A4A31 /* PostCell.xib in Resources */ = {isa = PBXBuildFile; fileRef = E70BB28114E79723001A4A31 /* PostCell.xib */; };
		E70BB28414E7AB35001A4A31 /* iBlog-icon.png in Resources */ = {isa = PBXBuildFile; fileRef = E70BB28314E7AB35001A4A31 /* iBlog-icon.png */; };
		E70BB28614E7AB3E001A4A31 /* iBlog-icon@2x.png in Resources */ = {isa = PBXBuildFile; fileRef = E70BB28514E7AB3E001A4A31 /* iBlog-icon@2x.png */; };
		E7367EE614F50DE1004C3769 /* ToolPageViewController.m in Sources */ = {isa = PBXBuildFile; fileRef = E7367EE414F50DE1004C3769 /* ToolPageViewController.m */; };
		E7367EE714F50DE1004C3769 /* ToolPageViewController.xib in Resources */ = {isa = PBXBuildFile; fileRef = E7367EE514F50DE1004C3769 /* ToolPageViewController.xib */; };
		E75FE52A14F64A2500D48BDB /* GameViewController.m in Sources */ = {isa = PBXBuildFile; fileRef = E75FE52814F64A2500D48BDB /* GameViewController.m */; };
		E75FE52B14F64A2500D48BDB /* GameViewController.xib in Resources */ = {isa = PBXBuildFile; fileRef = E75FE52914F64A2500D48BDB /* GameViewController.xib */; };
		E75FE53214F6519500D48BDB /* game@2x.png in Resources */ = {isa = PBXBuildFile; fileRef = E75FE53014F6519500D48BDB /* game@2x.png */; };
		E75FE53314F6519500D48BDB /* game.png in Resources */ = {isa = PBXBuildFile; fileRef = E75FE53114F6519500D48BDB /* game.png */; };
		E75FE53714F6549A00D48BDB /* Car.m in Sources */ = {isa = PBXBuildFile; fileRef = E75FE53614F6549A00D48BDB /* Car.m */; };
		E75FE53D14F65B4700D48BDB /* car.png in Resources */ = {isa = PBXBuildFile; fileRef = E75FE53C14F65B4700D48BDB /* car.png */; };
		E760283914EE630100B10A89 /* forwardBackground.png in Resources */ = {isa = PBXBuildFile; fileRef = E760283714EE630100B10A89 /* forwardBackground.png */; };
		E760283A14EE630100B10A89 /* forwardBackground@2x.png in Resources */ = {isa = PBXBuildFile; fileRef = E760283814EE630100B10A89 /* forwardBackground@2x.png */; };
		E773E24E14F06F050003E4B5 /* Post.m in Sources */ = {isa = PBXBuildFile; fileRef = E773E24D14F06F050003E4B5 /* Post.m */; };
		E773E25A14F090920003E4B5 /* TipCell.m in Sources */ = {isa = PBXBuildFile; fileRef = E773E25914F090920003E4B5 /* TipCell.m */; };
		E773E25C14F090AD0003E4B5 /* TipCell.xib in Resources */ = {isa = PBXBuildFile; fileRef = E773E25B14F090AD0003E4B5 /* TipCell.xib */; };
		E773E25F14F09A500003E4B5 /* tipCell@2x.png in Resources */ = {isa = PBXBuildFile; fileRef = E773E25D14F09A500003E4B5 /* tipCell@2x.png */; };
		E773E26014F09A500003E4B5 /* tipCell.png in Resources */ = {isa = PBXBuildFile; fileRef = E773E25E14F09A500003E4B5 /* tipCell.png */; };
		E773E26714F0C5510003E4B5 /* UIImageView+WebCache.m in Sources */ = {isa = PBXBuildFile; fileRef = E773E26614F0C5510003E4B5 /* UIImageView+WebCache.m */; settings = {COMPILER_FLAGS = "-fno-objc-arc"; }; };
		E773E26C14F0C5CA0003E4B5 /* SDWebImageManager.m in Sources */ = {isa = PBXBuildFile; fileRef = E773E26A14F0C5CA0003E4B5 /* SDWebImageManager.m */; settings = {COMPILER_FLAGS = "-fno-objc-arc"; }; };
		E773E27114F0C5F50003E4B5 /* SDWebImageDecoder.m in Sources */ = {isa = PBXBuildFile; fileRef = E773E26E14F0C5F50003E4B5 /* SDWebImageDecoder.m */; settings = {COMPILER_FLAGS = "-fno-objc-arc"; }; };
		E773E27214F0C5F50003E4B5 /* SDWebImageDownloader.m in Sources */ = {isa = PBXBuildFile; fileRef = E773E27014F0C5F50003E4B5 /* SDWebImageDownloader.m */; settings = {COMPILER_FLAGS = "-fno-objc-arc"; }; };
		E773E27714F0C6090003E4B5 /* SDWebImagePrefetcher.m in Sources */ = {isa = PBXBuildFile; fileRef = E773E27414F0C6090003E4B5 /* SDWebImagePrefetcher.m */; settings = {COMPILER_FLAGS = "-fno-objc-arc"; }; };
		E773E27814F0C6090003E4B5 /* UIButton+WebCache.m in Sources */ = {isa = PBXBuildFile; fileRef = E773E27614F0C6090003E4B5 /* UIButton+WebCache.m */; settings = {COMPILER_FLAGS = "-fno-objc-arc"; }; };
		E773E27B14F0C6150003E4B5 /* SDImageCache.m in Sources */ = {isa = PBXBuildFile; fileRef = E773E27A14F0C6150003E4B5 /* SDImageCache.m */; settings = {COMPILER_FLAGS = "-fno-objc-arc"; }; };
		E77CE95414E3CC82006BED88 /* UIKit.framework in Frameworks */ = {isa = PBXBuildFile; fileRef = E77CE95314E3CC82006BED88 /* UIKit.framework */; };
		E77CE95614E3CC82006BED88 /* Foundation.framework in Frameworks */ = {isa = PBXBuildFile; fileRef = E77CE95514E3CC82006BED88 /* Foundation.framework */; };
		E77CE95814E3CC82006BED88 /* CoreGraphics.framework in Frameworks */ = {isa = PBXBuildFile; fileRef = E77CE95714E3CC82006BED88 /* CoreGraphics.framework */; };
		E77CE95E14E3CC82006BED88 /* InfoPlist.strings in Resources */ = {isa = PBXBuildFile; fileRef = E77CE95C14E3CC82006BED88 /* InfoPlist.strings */; };
		E77CE96014E3CC82006BED88 /* main.m in Sources */ = {isa = PBXBuildFile; fileRef = E77CE95F14E3CC82006BED88 /* main.m */; };
		E77CE96414E3CC82006BED88 /* AppDelegate.m in Sources */ = {isa = PBXBuildFile; fileRef = E77CE96314E3CC82006BED88 /* AppDelegate.m */; };
		E77CE96714E3CC82006BED88 /* PostsTableViewController.m in Sources */ = {isa = PBXBuildFile; fileRef = E77CE96614E3CC82006BED88 /* PostsTableViewController.m */; };
		E77CE96E14E3CC82006BED88 /* MessageViewController.m in Sources */ = {isa = PBXBuildFile; fileRef = E77CE96D14E3CC82006BED88 /* MessageViewController.m */; };
		E77CE97514E3CC82006BED88 /* PostsTableViewController.xib in Resources */ = {isa = PBXBuildFile; fileRef = E77CE97314E3CC82006BED88 /* PostsTableViewController.xib */; };
		E77CE97814E3CC82006BED88 /* MessageViewController.xib in Resources */ = {isa = PBXBuildFile; fileRef = E77CE97614E3CC82006BED88 /* MessageViewController.xib */; };
		E77CE98314E3CD66006BED88 /* home.png in Resources */ = {isa = PBXBuildFile; fileRef = E77CE97E14E3CD66006BED88 /* home.png */; };
		E77CE98414E3CD66006BED88 /* config.png in Resources */ = {isa = PBXBuildFile; fileRef = E77CE97F14E3CD66006BED88 /* config.png */; };
		E77CE98514E3CD66006BED88 /* tool.png in Resources */ = {isa = PBXBuildFile; fileRef = E77CE98014E3CD66006BED88 /* tool.png */; };
		E77CE98614E3CD66006BED88 /* profile.png in Resources */ = {isa = PBXBuildFile; fileRef = E77CE98114E3CD66006BED88 /* profile.png */; };
		E77CE98714E3CD66006BED88 /* message.png in Resources */ = {isa = PBXBuildFile; fileRef = E77CE98214E3CD66006BED88 /* message.png */; };
		E77CE99414E3E19D006BED88 /* blackArrow.png in Resources */ = {isa = PBXBuildFile; fileRef = E77CE98C14E3E19D006BED88 /* blackArrow.png */; };
		E77CE99514E3E19D006BED88 /* blackArrow@2x.png in Resources */ = {isa = PBXBuildFile; fileRef = E77CE98D14E3E19D006BED88 /* blackArrow@2x.png */; };
		E77CE99614E3E19D006BED88 /* blueArrow.png in Resources */ = {isa = PBXBuildFile; fileRef = E77CE98E14E3E19D006BED88 /* blueArrow.png */; };
		E77CE99714E3E19D006BED88 /* blueArrow@2x.png in Resources */ = {isa = PBXBuildFile; fileRef = E77CE98F14E3E19D006BED88 /* blueArrow@2x.png */; };
		E77CE99814E3E19D006BED88 /* grayArrow.png in Resources */ = {isa = PBXBuildFile; fileRef = E77CE99014E3E19D006BED88 /* grayArrow.png */; };
		E77CE99914E3E19D006BED88 /* grayArrow@2x.png in Resources */ = {isa = PBXBuildFile; fileRef = E77CE99114E3E19D006BED88 /* grayArrow@2x.png */; };
		E77CE99A14E3E19D006BED88 /* whiteArrow.png in Resources */ = {isa = PBXBuildFile; fileRef = E77CE99214E3E19D006BED88 /* whiteArrow.png */; };
		E77CE99B14E3E19D006BED88 /* whiteArrow@2x.png in Resources */ = {isa = PBXBuildFile; fileRef = E77CE99314E3E19D006BED88 /* whiteArrow@2x.png */; };
		E77CE99F14E3E20A006BED88 /* EGORefreshTableHeaderView.m in Sources */ = {isa = PBXBuildFile; fileRef = E77CE99E14E3E20A006BED88 /* EGORefreshTableHeaderView.m */; };
		E77CE9A814E3E8B4006BED88 /* QuartzCore.framework in Frameworks */ = {isa = PBXBuildFile; fileRef = E77CE9A714E3E8B4006BED88 /* QuartzCore.framework */; };
		E77CE9AA14E3EB6C006BED88 /* Default.png in Resources */ = {isa = PBXBuildFile; fileRef = E77CE9A914E3EB6C006BED88 /* Default.png */; };
		E77CE9AC14E3EB70006BED88 /* Default@2x.png in Resources */ = {isa = PBXBuildFile; fileRef = E77CE9AB14E3EB70006BED88 /* Default@2x.png */; };
		E78F2CBD14ED1DF600B3E44C /* badgeBackground@2x.png in Resources */ = {isa = PBXBuildFile; fileRef = E78F2CBB14ED1DF600B3E44C /* badgeBackground@2x.png */; };
		E78F2CBE14ED1DF600B3E44C /* badgeBackground.png in Resources */ = {isa = PBXBuildFile; fileRef = E78F2CBC14ED1DF600B3E44C /* badgeBackground.png */; };
		E7DD325514EF4EAB00A283FC /* NSObject+SBJson.m in Sources */ = {isa = PBXBuildFile; fileRef = E7DD323D14EF4EAB00A283FC /* NSObject+SBJson.m */; };
		E7DD325614EF4EAB00A283FC /* SBJsonParser.m in Sources */ = {isa = PBXBuildFile; fileRef = E7DD324014EF4EAB00A283FC /* SBJsonParser.m */; };
		E7DD325714EF4EAB00A283FC /* SBJsonStreamParser.m in Sources */ = {isa = PBXBuildFile; fileRef = E7DD324214EF4EAB00A283FC /* SBJsonStreamParser.m */; };
		E7DD325814EF4EAB00A283FC /* SBJsonStreamParserAccumulator.m in Sources */ = {isa = PBXBuildFile; fileRef = E7DD324414EF4EAB00A283FC /* SBJsonStreamParserAccumulator.m */; };
		E7DD325914EF4EAB00A283FC /* SBJsonStreamParserAdapter.m in Sources */ = {isa = PBXBuildFile; fileRef = E7DD324614EF4EAB00A283FC /* SBJsonStreamParserAdapter.m */; };
		E7DD325A14EF4EAB00A283FC /* SBJsonStreamParserState.m in Sources */ = {isa = PBXBuildFile; fileRef = E7DD324814EF4EAB00A283FC /* SBJsonStreamParserState.m */; };
		E7DD325B14EF4EAB00A283FC /* SBJsonStreamWriter.m in Sources */ = {isa = PBXBuildFile; fileRef = E7DD324A14EF4EAB00A283FC /* SBJsonStreamWriter.m */; };
		E7DD325C14EF4EAB00A283FC /* SBJsonStreamWriterAccumulator.m in Sources */ = {isa = PBXBuildFile; fileRef = E7DD324C14EF4EAB00A283FC /* SBJsonStreamWriterAccumulator.m */; };
		E7DD325D14EF4EAB00A283FC /* SBJsonStreamWriterState.m in Sources */ = {isa = PBXBuildFile; fileRef = E7DD324E14EF4EAB00A283FC /* SBJsonStreamWriterState.m */; };
		E7DD325E14EF4EAB00A283FC /* SBJsonTokeniser.m in Sources */ = {isa = PBXBuildFile; fileRef = E7DD325014EF4EAB00A283FC /* SBJsonTokeniser.m */; };
		E7DD325F14EF4EAB00A283FC /* SBJsonUTF8Stream.m in Sources */ = {isa = PBXBuildFile; fileRef = E7DD325214EF4EAB00A283FC /* SBJsonUTF8Stream.m */; };
		E7DD326014EF4EAB00A283FC /* SBJsonWriter.m in Sources */ = {isa = PBXBuildFile; fileRef = E7DD325414EF4EAB00A283FC /* SBJsonWriter.m */; };
		E7DD326514EF5D8F00A283FC /* downloadOperation.m in Sources */ = {isa = PBXBuildFile; fileRef = E7DD326414EF5D8F00A283FC /* downloadOperation.m */; };
		E7DD327014EF811700A283FC /* SystemConfiguration.framework in Frameworks */ = {isa = PBXBuildFile; fileRef = E7DD326F14EF811700A283FC /* SystemConfiguration.framework */; };
		E7DD327914EF834D00A283FC /* Reachability.m in Sources */ = {isa = PBXBuildFile; fileRef = E7DD327814EF834D00A283FC /* Reachability.m */; };
		E7FBF21B14EBA9C600FD0FE9 /* notificationBackground.png in Resources */ = {isa = PBXBuildFile; fileRef = E7FBF21914EBA9C600FD0FE9 /* notificationBackground.png */; };
		E7FBF21C14EBA9C600FD0FE9 /* notificationBackground@2x.png in Resources */ = {isa = PBXBuildFile; fileRef = E7FBF21A14EBA9C600FD0FE9 /* notificationBackground@2x.png */; };
/* End PBXBuildFile section */

/* Begin PBXFileReference section */
		E7047BE714EA62B5008C98E8 /* comment.png */ = {isa = PBXFileReference; lastKnownFileType = image.png; path = comment.png; sourceTree = "<group>"; };
		E7047BE814EA62B5008C98E8 /* comment@2x.png */ = {isa = PBXFileReference; lastKnownFileType = image.png; path = "comment@2x.png"; sourceTree = "<group>"; };
		E7047BEC14EA6387008C98E8 /* speaker@2x.png */ = {isa = PBXFileReference; lastKnownFileType = image.png; path = "speaker@2x.png"; sourceTree = "<group>"; };
		E7047BED14EA6387008C98E8 /* speaker.png */ = {isa = PBXFileReference; lastKnownFileType = image.png; path = speaker.png; sourceTree = "<group>"; };
		E7047BF014EA63F6008C98E8 /* star.png */ = {isa = PBXFileReference; lastKnownFileType = image.png; path = star.png; sourceTree = "<group>"; };
		E7047BF114EA63F6008C98E8 /* star@2x.png */ = {isa = PBXFileReference; lastKnownFileType = image.png; path = "star@2x.png"; sourceTree = "<group>"; };
		E7047BF414EA6788008C98E8 /* more.png */ = {isa = PBXFileReference; lastKnownFileType = image.png; path = more.png; sourceTree = "<group>"; };
		E7047BF514EA6788008C98E8 /* more@2x.png */ = {isa = PBXFileReference; lastKnownFileType = image.png; path = "more@2x.png"; sourceTree = "<group>"; };
		E7047BF814EA693C008C98E8 /* CommentViewController.h */ = {isa = PBXFileReference; fileEncoding = 4; lastKnownFileType = sourcecode.c.h; path = CommentViewController.h; sourceTree = "<group>"; };
		E7047BF914EA693C008C98E8 /* CommentViewController.m */ = {isa = PBXFileReference; fileEncoding = 4; lastKnownFileType = sourcecode.c.objc; path = CommentViewController.m; sourceTree = "<group>"; };
		E7047BFA14EA693C008C98E8 /* CommentViewController.xib */ = {isa = PBXFileReference; fileEncoding = 4; lastKnownFileType = file.xib; path = CommentViewController.xib; sourceTree = "<group>"; };
		E7047BFD14EA6C45008C98E8 /* navigationBackground.png */ = {isa = PBXFileReference; lastKnownFileType = image.png; path = navigationBackground.png; sourceTree = "<group>"; };
		E7047BFE14EA6C45008C98E8 /* navigationBackground@2x.png */ = {isa = PBXFileReference; lastKnownFileType = image.png; path = "navigationBackground@2x.png"; sourceTree = "<group>"; };
		E7047C0514EA6F05008C98E8 /* delete.png */ = {isa = PBXFileReference; lastKnownFileType = image.png; path = delete.png; sourceTree = "<group>"; };
		E7047C0614EA6F05008C98E8 /* delete@2x.png */ = {isa = PBXFileReference; lastKnownFileType = image.png; path = "delete@2x.png"; sourceTree = "<group>"; };
		E7047C0914EA7568008C98E8 /* netbar.png */ = {isa = PBXFileReference; lastKnownFileType = image.png; path = netbar.png; sourceTree = "<group>"; };
		E7047C0A14EA7568008C98E8 /* netbar@2x.png */ = {isa = PBXFileReference; lastKnownFileType = image.png; path = "netbar@2x.png"; sourceTree = "<group>"; };
		E70BB22714E5F82F001A4A31 /* home@2x.png */ = {isa = PBXFileReference; lastKnownFileType = image.png; path = "home@2x.png"; sourceTree = "<group>"; };
		E70BB22914E5FCD6001A4A31 /* message@2x.png */ = {isa = PBXFileReference; lastKnownFileType = image.png; path = "message@2x.png"; sourceTree = "<group>"; };
		E70BB22B14E606ED001A4A31 /* navigationPortraitBackground@2x.png */ = {isa = PBXFileReference; lastKnownFileType = image.png; path = "navigationPortraitBackground@2x.png"; sourceTree = "<group>"; };
		E70BB22C14E606ED001A4A31 /* navigationPortraitBackground.png */ = {isa = PBXFileReference; lastKnownFileType = image.png; path = navigationPortraitBackground.png; sourceTree = "<group>"; };
		E70BB22F14E61218001A4A31 /* tabBarPortraitBackground@2x.png */ = {isa = PBXFileReference; lastKnownFileType = image.png; path = "tabBarPortraitBackground@2x.png"; sourceTree = "<group>"; };
		E70BB23014E61218001A4A31 /* tabBarPortraitBackground.png */ = {isa = PBXFileReference; lastKnownFileType = image.png; path = tabBarPortraitBackground.png; sourceTree = "<group>"; };
		E70BB23414E6140D001A4A31 /* ProfileViewController.h */ = {isa = PBXFileReference; fileEncoding = 4; lastKnownFileType = sourcecode.c.h; path = ProfileViewController.h; sourceTree = "<group>"; };
		E70BB23514E6140D001A4A31 /* ProfileViewController.m */ = {isa = PBXFileReference; fileEncoding = 4; lastKnownFileType = sourcecode.c.objc; path = ProfileViewController.m; sourceTree = "<group>"; };
		E70BB23614E6140D001A4A31 /* ProfileViewController.xib */ = {isa = PBXFileReference; fileEncoding = 4; lastKnownFileType = file.xib; path = ProfileViewController.xib; sourceTree = "<group>"; };
		E70BB23914E61574001A4A31 /* ToolViewController.h */ = {isa = PBXFileReference; fileEncoding = 4; lastKnownFileType = sourcecode.c.h; path = ToolViewController.h; sourceTree = "<group>"; };
		E70BB23A14E61574001A4A31 /* ToolViewController.m */ = {isa = PBXFileReference; fileEncoding = 4; lastKnownFileType = sourcecode.c.objc; path = ToolViewController.m; sourceTree = "<group>"; };
		E70BB23B14E61574001A4A31 /* ToolViewController.xib */ = {isa = PBXFileReference; fileEncoding = 4; lastKnownFileType = file.xib; path = ToolViewController.xib; sourceTree = "<group>"; };
		E70BB24314E61728001A4A31 /* profile@2x.png */ = {isa = PBXFileReference; lastKnownFileType = image.png; path = "profile@2x.png"; sourceTree = "<group>"; };
		E70BB24514E617F1001A4A31 /* tool@2x.png */ = {isa = PBXFileReference; lastKnownFileType = image.png; path = "tool@2x.png"; sourceTree = "<group>"; };
		E70BB24714E61827001A4A31 /* config@2x.png */ = {isa = PBXFileReference; lastKnownFileType = image.png; path = "config@2x.png"; sourceTree = "<group>"; };
		E70BB24914E61D69001A4A31 /* PostDetailViewController.h */ = {isa = PBXFileReference; fileEncoding = 4; lastKnownFileType = sourcecode.c.h; path = PostDetailViewController.h; sourceTree = "<group>"; };
		E70BB24A14E61D69001A4A31 /* PostDetailViewController.m */ = {isa = PBXFileReference; fileEncoding = 4; lastKnownFileType = sourcecode.c.objc; path = PostDetailViewController.m; sourceTree = "<group>"; };
		E70BB24B14E61D69001A4A31 /* PostDetailViewController.xib */ = {isa = PBXFileReference; fileEncoding = 4; lastKnownFileType = file.xib; path = PostDetailViewController.xib; sourceTree = "<group>"; };
		E70BB25014E62AC7001A4A31 /* refresh@2x.png */ = {isa = PBXFileReference; lastKnownFileType = image.png; path = "refresh@2x.png"; sourceTree = "<group>"; };
		E70BB25114E62AC7001A4A31 /* refresh.png */ = {isa = PBXFileReference; lastKnownFileType = image.png; path = refresh.png; sourceTree = "<group>"; };
		E70BB25414E62B38001A4A31 /* toolbarBackButtonBackgroundPortrait.png */ = {isa = PBXFileReference; lastKnownFileType = image.png; path = toolbarBackButtonBackgroundPortrait.png; sourceTree = "<group>"; };
		E70BB25614E62D2C001A4A31 /* hat@2x.png */ = {isa = PBXFileReference; lastKnownFileType = image.png; path = "hat@2x.png"; sourceTree = "<group>"; };
		E70BB25714E62D2C001A4A31 /* hat.png */ = {isa = PBXFileReference; lastKnownFileType = image.png; path = hat.png; sourceTree = "<group>"; };
		E70BB25A14E62E52001A4A31 /* post@2x.png */ = {isa = PBXFileReference; lastKnownFileType = image.png; path = "post@2x.png"; sourceTree = "<group>"; };
		E70BB25B14E62E53001A4A31 /* post.png */ = {isa = PBXFileReference; lastKnownFileType = image.png; path = post.png; sourceTree = "<group>"; };
		E70BB25E14E63BD3001A4A31 /* plane@2x.png */ = {isa = PBXFileReference; lastKnownFileType = image.png; path = "plane@2x.png"; sourceTree = "<group>"; };
		E70BB25F14E63BD3001A4A31 /* plane.png */ = {isa = PBXFileReference; lastKnownFileType = image.png; path = plane.png; sourceTree = "<group>"; };
		E70BB26614E742CF001A4A31 /* toolbarBackground.png */ = {isa = PBXFileReference; lastKnownFileType = image.png; path = toolbarBackground.png; sourceTree = "<group>"; };
		E70BB26714E742CF001A4A31 /* toolbarBackground@2x.png */ = {isa = PBXFileReference; lastKnownFileType = image.png; path = "toolbarBackground@2x.png"; sourceTree = "<group>"; };
		E70BB27114E75CE7001A4A31 /* tabTransparentBackground.png */ = {isa = PBXFileReference; lastKnownFileType = image.png; path = tabTransparentBackground.png; sourceTree = "<group>"; };
		E70BB27214E75CE7001A4A31 /* tabTransparentBackground@2x.png */ = {isa = PBXFileReference; lastKnownFileType = image.png; path = "tabTransparentBackground@2x.png"; sourceTree = "<group>"; };
		E70BB27514E75E22001A4A31 /* refresh-white.png */ = {isa = PBXFileReference; lastKnownFileType = image.png; path = "refresh-white.png"; sourceTree = "<group>"; };
		E70BB27614E75E22001A4A31 /* refresh-white@2x.png */ = {isa = PBXFileReference; lastKnownFileType = image.png; path = "refresh-white@2x.png"; sourceTree = "<group>"; };
		E70BB27D14E794E5001A4A31 /* PostCell.h */ = {isa = PBXFileReference; fileEncoding = 4; lastKnownFileType = sourcecode.c.h; path = PostCell.h; sourceTree = "<group>"; };
		E70BB27E14E794E5001A4A31 /* PostCell.m */ = {isa = PBXFileReference; fileEncoding = 4; lastKnownFileType = sourcecode.c.objc; path = PostCell.m; sourceTree = "<group>"; };
		E70BB28114E79723001A4A31 /* PostCell.xib */ = {isa = PBXFileReference; fileEncoding = 4; lastKnownFileType = file.xib; path = PostCell.xib; sourceTree = "<group>"; };
		E70BB28314E7AB35001A4A31 /* iBlog-icon.png */ = {isa = PBXFileReference; lastKnownFileType = image.png; path = "iBlog-icon.png"; sourceTree = SOURCE_ROOT; };
		E70BB28514E7AB3E001A4A31 /* iBlog-icon@2x.png */ = {isa = PBXFileReference; lastKnownFileType = image.png; path = "iBlog-icon@2x.png"; sourceTree = SOURCE_ROOT; };
		E7367EE314F50DE1004C3769 /* ToolPageViewController.h */ = {isa = PBXFileReference; fileEncoding = 4; lastKnownFileType = sourcecode.c.h; path = ToolPageViewController.h; sourceTree = "<group>"; };
		E7367EE414F50DE1004C3769 /* ToolPageViewController.m */ = {isa = PBXFileReference; fileEncoding = 4; lastKnownFileType = sourcecode.c.objc; path = ToolPageViewController.m; sourceTree = "<group>"; };
		E7367EE514F50DE1004C3769 /* ToolPageViewController.xib */ = {isa = PBXFileReference; fileEncoding = 4; lastKnownFileType = file.xib; path = ToolPageViewController.xib; sourceTree = "<group>"; };
		E75FE52714F64A2500D48BDB /* GameViewController.h */ = {isa = PBXFileReference; fileEncoding = 4; lastKnownFileType = sourcecode.c.h; path = GameViewController.h; sourceTree = "<group>"; };
		E75FE52814F64A2500D48BDB /* GameViewController.m */ = {isa = PBXFileReference; fileEncoding = 4; lastKnownFileType = sourcecode.c.objc; path = GameViewController.m; sourceTree = "<group>"; };
		E75FE52914F64A2500D48BDB /* GameViewController.xib */ = {isa = PBXFileReference; fileEncoding = 4; lastKnownFileType = file.xib; path = GameViewController.xib; sourceTree = "<group>"; };
		E75FE53014F6519500D48BDB /* game@2x.png */ = {isa = PBXFileReference; lastKnownFileType = image.png; path = "game@2x.png"; sourceTree = "<group>"; };
		E75FE53114F6519500D48BDB /* game.png */ = {isa = PBXFileReference; lastKnownFileType = image.png; path = game.png; sourceTree = "<group>"; };
		E75FE53514F6549A00D48BDB /* Car.h */ = {isa = PBXFileReference; fileEncoding = 4; lastKnownFileType = sourcecode.c.h; path = Car.h; sourceTree = "<group>"; };
		E75FE53614F6549A00D48BDB /* Car.m */ = {isa = PBXFileReference; fileEncoding = 4; lastKnownFileType = sourcecode.c.objc; path = Car.m; sourceTree = "<group>"; };
		E75FE53C14F65B4700D48BDB /* car.png */ = {isa = PBXFileReference; lastKnownFileType = image.png; path = car.png; sourceTree = "<group>"; };
		E760283714EE630100B10A89 /* forwardBackground.png */ = {isa = PBXFileReference; lastKnownFileType = image.png; path = forwardBackground.png; sourceTree = "<group>"; };
		E760283814EE630100B10A89 /* forwardBackground@2x.png */ = {isa = PBXFileReference; lastKnownFileType = image.png; path = "forwardBackground@2x.png"; sourceTree = "<group>"; };
		E773E24C14F06F050003E4B5 /* Post.h */ = {isa = PBXFileReference; fileEncoding = 4; lastKnownFileType = sourcecode.c.h; path = Post.h; sourceTree = "<group>"; };
		E773E24D14F06F050003E4B5 /* Post.m */ = {isa = PBXFileReference; fileEncoding = 4; lastKnownFileType = sourcecode.c.objc; path = Post.m; sourceTree = "<group>"; };
		E773E25814F090920003E4B5 /* TipCell.h */ = {isa = PBXFileReference; fileEncoding = 4; lastKnownFileType = sourcecode.c.h; path = TipCell.h; sourceTree = "<group>"; };
		E773E25914F090920003E4B5 /* TipCell.m */ = {isa = PBXFileReference; fileEncoding = 4; lastKnownFileType = sourcecode.c.objc; path = TipCell.m; sourceTree = "<group>"; };
		E773E25B14F090AD0003E4B5 /* TipCell.xib */ = {isa = PBXFileReference; fileEncoding = 4; lastKnownFileType = file.xib; path = TipCell.xib; sourceTree = "<group>"; };
		E773E25D14F09A500003E4B5 /* tipCell@2x.png */ = {isa = PBXFileReference; lastKnownFileType = image.png; path = "tipCell@2x.png"; sourceTree = "<group>"; };
		E773E25E14F09A500003E4B5 /* tipCell.png */ = {isa = PBXFileReference; lastKnownFileType = image.png; path = tipCell.png; sourceTree = "<group>"; };
		E773E26514F0C5510003E4B5 /* UIImageView+WebCache.h */ = {isa = PBXFileReference; fileEncoding = 4; lastKnownFileType = sourcecode.c.h; path = "UIImageView+WebCache.h"; sourceTree = "<group>"; };
		E773E26614F0C5510003E4B5 /* UIImageView+WebCache.m */ = {isa = PBXFileReference; fileEncoding = 4; lastKnownFileType = sourcecode.c.objc; path = "UIImageView+WebCache.m"; sourceTree = "<group>"; };
		E773E26814F0C5AA0003E4B5 /* SDWebImageCompat.h */ = {isa = PBXFileReference; fileEncoding = 4; lastKnownFileType = sourcecode.c.h; path = SDWebImageCompat.h; sourceTree = "<group>"; };
		E773E26914F0C5CA0003E4B5 /* SDWebImageManager.h */ = {isa = PBXFileReference; fileEncoding = 4; lastKnownFileType = sourcecode.c.h; path = SDWebImageManager.h; sourceTree = "<group>"; };
		E773E26A14F0C5CA0003E4B5 /* SDWebImageManager.m */ = {isa = PBXFileReference; fileEncoding = 4; lastKnownFileType = sourcecode.c.objc; path = SDWebImageManager.m; sourceTree = "<group>"; };
		E773E26B14F0C5CA0003E4B5 /* SDWebImageManagerDelegate.h */ = {isa = PBXFileReference; fileEncoding = 4; lastKnownFileType = sourcecode.c.h; path = SDWebImageManagerDelegate.h; sourceTree = "<group>"; };
		E773E26D14F0C5F50003E4B5 /* SDWebImageDecoder.h */ = {isa = PBXFileReference; fileEncoding = 4; lastKnownFileType = sourcecode.c.h; path = SDWebImageDecoder.h; sourceTree = "<group>"; };
		E773E26E14F0C5F50003E4B5 /* SDWebImageDecoder.m */ = {isa = PBXFileReference; fileEncoding = 4; lastKnownFileType = sourcecode.c.objc; path = SDWebImageDecoder.m; sourceTree = "<group>"; };
		E773E26F14F0C5F50003E4B5 /* SDWebImageDownloader.h */ = {isa = PBXFileReference; fileEncoding = 4; lastKnownFileType = sourcecode.c.h; path = SDWebImageDownloader.h; sourceTree = "<group>"; };
		E773E27014F0C5F50003E4B5 /* SDWebImageDownloader.m */ = {isa = PBXFileReference; fileEncoding = 4; lastKnownFileType = sourcecode.c.objc; path = SDWebImageDownloader.m; sourceTree = "<group>"; };
		E773E27314F0C6090003E4B5 /* SDWebImagePrefetcher.h */ = {isa = PBXFileReference; fileEncoding = 4; lastKnownFileType = sourcecode.c.h; path = SDWebImagePrefetcher.h; sourceTree = "<group>"; };
		E773E27414F0C6090003E4B5 /* SDWebImagePrefetcher.m */ = {isa = PBXFileReference; fileEncoding = 4; lastKnownFileType = sourcecode.c.objc; path = SDWebImagePrefetcher.m; sourceTree = "<group>"; };
		E773E27514F0C6090003E4B5 /* UIButton+WebCache.h */ = {isa = PBXFileReference; fileEncoding = 4; lastKnownFileType = sourcecode.c.h; path = "UIButton+WebCache.h"; sourceTree = "<group>"; };
		E773E27614F0C6090003E4B5 /* UIButton+WebCache.m */ = {isa = PBXFileReference; fileEncoding = 4; lastKnownFileType = sourcecode.c.objc; path = "UIButton+WebCache.m"; sourceTree = "<group>"; };
		E773E27914F0C6150003E4B5 /* SDImageCache.h */ = {isa = PBXFileReference; fileEncoding = 4; lastKnownFileType = sourcecode.c.h; path = SDImageCache.h; sourceTree = "<group>"; };
		E773E27A14F0C6150003E4B5 /* SDImageCache.m */ = {isa = PBXFileReference; fileEncoding = 4; lastKnownFileType = sourcecode.c.objc; path = SDImageCache.m; sourceTree = "<group>"; };
		E773E27C14F0C6360003E4B5 /* SDWebImageDownloaderDelegate.h */ = {isa = PBXFileReference; fileEncoding = 4; lastKnownFileType = sourcecode.c.h; path = SDWebImageDownloaderDelegate.h; sourceTree = "<group>"; };
		E773E27D14F0C64A0003E4B5 /* SDImageCacheDelegate.h */ = {isa = PBXFileReference; fileEncoding = 4; lastKnownFileType = sourcecode.c.h; path = SDImageCacheDelegate.h; sourceTree = "<group>"; };
		E77CE94F14E3CC82006BED88 /* iBlog.app */ = {isa = PBXFileReference; explicitFileType = wrapper.application; includeInIndex = 0; path = iBlog.app; sourceTree = BUILT_PRODUCTS_DIR; };
		E77CE95314E3CC82006BED88 /* UIKit.framework */ = {isa = PBXFileReference; lastKnownFileType = wrapper.framework; name = UIKit.framework; path = System/Library/Frameworks/UIKit.framework; sourceTree = SDKROOT; };
		E77CE95514E3CC82006BED88 /* Foundation.framework */ = {isa = PBXFileReference; lastKnownFileType = wrapper.framework; name = Foundation.framework; path = System/Library/Frameworks/Foundation.framework; sourceTree = SDKROOT; };
		E77CE95714E3CC82006BED88 /* CoreGraphics.framework */ = {isa = PBXFileReference; lastKnownFileType = wrapper.framework; name = CoreGraphics.framework; path = System/Library/Frameworks/CoreGraphics.framework; sourceTree = SDKROOT; };
		E77CE95B14E3CC82006BED88 /* iBlog-Info.plist */ = {isa = PBXFileReference; lastKnownFileType = text.plist.xml; path = "iBlog-Info.plist"; sourceTree = "<group>"; };
		E77CE95D14E3CC82006BED88 /* en */ = {isa = PBXFileReference; lastKnownFileType = text.plist.strings; name = en; path = en.lproj/InfoPlist.strings; sourceTree = "<group>"; };
		E77CE95F14E3CC82006BED88 /* main.m */ = {isa = PBXFileReference; lastKnownFileType = sourcecode.c.objc; path = main.m; sourceTree = "<group>"; };
		E77CE96114E3CC82006BED88 /* iBlog-Prefix.pch */ = {isa = PBXFileReference; lastKnownFileType = sourcecode.c.h; path = "iBlog-Prefix.pch"; sourceTree = "<group>"; };
		E77CE96214E3CC82006BED88 /* AppDelegate.h */ = {isa = PBXFileReference; lastKnownFileType = sourcecode.c.h; path = AppDelegate.h; sourceTree = "<group>"; };
		E77CE96314E3CC82006BED88 /* AppDelegate.m */ = {isa = PBXFileReference; lastKnownFileType = sourcecode.c.objc; path = AppDelegate.m; sourceTree = "<group>"; };
		E77CE96514E3CC82006BED88 /* PostsTableViewController.h */ = {isa = PBXFileReference; lastKnownFileType = sourcecode.c.h; path = PostsTableViewController.h; sourceTree = "<group>"; };
		E77CE96614E3CC82006BED88 /* PostsTableViewController.m */ = {isa = PBXFileReference; lastKnownFileType = sourcecode.c.objc; path = PostsTableViewController.m; sourceTree = "<group>"; };
		E77CE96C14E3CC82006BED88 /* MessageViewController.h */ = {isa = PBXFileReference; lastKnownFileType = sourcecode.c.h; path = MessageViewController.h; sourceTree = "<group>"; };
		E77CE96D14E3CC82006BED88 /* MessageViewController.m */ = {isa = PBXFileReference; lastKnownFileType = sourcecode.c.objc; path = MessageViewController.m; sourceTree = "<group>"; };
		E77CE97414E3CC82006BED88 /* en */ = {isa = PBXFileReference; lastKnownFileType = file.xib; name = en; path = en.lproj/PostsTableViewController.xib; sourceTree = "<group>"; };
		E77CE97714E3CC82006BED88 /* en */ = {isa = PBXFileReference; lastKnownFileType = file.xib; name = en; path = en.lproj/MessageViewController.xib; sourceTree = "<group>"; };
		E77CE97E14E3CD66006BED88 /* home.png */ = {isa = PBXFileReference; lastKnownFileType = image.png; path = home.png; sourceTree = "<group>"; };
		E77CE97F14E3CD66006BED88 /* config.png */ = {isa = PBXFileReference; lastKnownFileType = image.png; path = config.png; sourceTree = "<group>"; };
		E77CE98014E3CD66006BED88 /* tool.png */ = {isa = PBXFileReference; lastKnownFileType = image.png; path = tool.png; sourceTree = "<group>"; };
		E77CE98114E3CD66006BED88 /* profile.png */ = {isa = PBXFileReference; lastKnownFileType = image.png; path = profile.png; sourceTree = "<group>"; };
		E77CE98214E3CD66006BED88 /* message.png */ = {isa = PBXFileReference; lastKnownFileType = image.png; path = message.png; sourceTree = "<group>"; };
		E77CE98C14E3E19D006BED88 /* blackArrow.png */ = {isa = PBXFileReference; lastKnownFileType = image.png; path = blackArrow.png; sourceTree = "<group>"; };
		E77CE98D14E3E19D006BED88 /* blackArrow@2x.png */ = {isa = PBXFileReference; lastKnownFileType = image.png; path = "blackArrow@2x.png"; sourceTree = "<group>"; };
		E77CE98E14E3E19D006BED88 /* blueArrow.png */ = {isa = PBXFileReference; lastKnownFileType = image.png; path = blueArrow.png; sourceTree = "<group>"; };
		E77CE98F14E3E19D006BED88 /* blueArrow@2x.png */ = {isa = PBXFileReference; lastKnownFileType = image.png; path = "blueArrow@2x.png"; sourceTree = "<group>"; };
		E77CE99014E3E19D006BED88 /* grayArrow.png */ = {isa = PBXFileReference; lastKnownFileType = image.png; path = grayArrow.png; sourceTree = "<group>"; };
		E77CE99114E3E19D006BED88 /* grayArrow@2x.png */ = {isa = PBXFileReference; lastKnownFileType = image.png; path = "grayArrow@2x.png"; sourceTree = "<group>"; };
		E77CE99214E3E19D006BED88 /* whiteArrow.png */ = {isa = PBXFileReference; lastKnownFileType = image.png; path = whiteArrow.png; sourceTree = "<group>"; };
		E77CE99314E3E19D006BED88 /* whiteArrow@2x.png */ = {isa = PBXFileReference; lastKnownFileType = image.png; path = "whiteArrow@2x.png"; sourceTree = "<group>"; };
		E77CE99D14E3E20A006BED88 /* EGORefreshTableHeaderView.h */ = {isa = PBXFileReference; fileEncoding = 4; lastKnownFileType = sourcecode.c.h; path = EGORefreshTableHeaderView.h; sourceTree = "<group>"; };
		E77CE99E14E3E20A006BED88 /* EGORefreshTableHeaderView.m */ = {isa = PBXFileReference; fileEncoding = 4; lastKnownFileType = sourcecode.c.objc; path = EGORefreshTableHeaderView.m; sourceTree = "<group>"; };
		E77CE9A714E3E8B4006BED88 /* QuartzCore.framework */ = {isa = PBXFileReference; lastKnownFileType = wrapper.framework; name = QuartzCore.framework; path = System/Library/Frameworks/QuartzCore.framework; sourceTree = SDKROOT; };
		E77CE9A914E3EB6C006BED88 /* Default.png */ = {isa = PBXFileReference; lastKnownFileType = image.png; name = Default.png; path = ../Default.png; sourceTree = "<group>"; };
		E77CE9AB14E3EB70006BED88 /* Default@2x.png */ = {isa = PBXFileReference; lastKnownFileType = image.png; name = "Default@2x.png"; path = "../Default@2x.png"; sourceTree = "<group>"; };
		E78F2CBB14ED1DF600B3E44C /* badgeBackground@2x.png */ = {isa = PBXFileReference; lastKnownFileType = image.png; path = "badgeBackground@2x.png"; sourceTree = "<group>"; };
		E78F2CBC14ED1DF600B3E44C /* badgeBackground.png */ = {isa = PBXFileReference; lastKnownFileType = image.png; path = badgeBackground.png; sourceTree = "<group>"; };
		E7DD323C14EF4EAB00A283FC /* NSObject+SBJson.h */ = {isa = PBXFileReference; fileEncoding = 4; lastKnownFileType = sourcecode.c.h; path = "NSObject+SBJson.h"; sourceTree = "<group>"; };
		E7DD323D14EF4EAB00A283FC /* NSObject+SBJson.m */ = {isa = PBXFileReference; fileEncoding = 4; lastKnownFileType = sourcecode.c.objc; path = "NSObject+SBJson.m"; sourceTree = "<group>"; };
		E7DD323E14EF4EAB00A283FC /* SBJson.h */ = {isa = PBXFileReference; fileEncoding = 4; lastKnownFileType = sourcecode.c.h; path = SBJson.h; sourceTree = "<group>"; };
		E7DD323F14EF4EAB00A283FC /* SBJsonParser.h */ = {isa = PBXFileReference; fileEncoding = 4; lastKnownFileType = sourcecode.c.h; path = SBJsonParser.h; sourceTree = "<group>"; };
		E7DD324014EF4EAB00A283FC /* SBJsonParser.m */ = {isa = PBXFileReference; fileEncoding = 4; lastKnownFileType = sourcecode.c.objc; path = SBJsonParser.m; sourceTree = "<group>"; };
		E7DD324114EF4EAB00A283FC /* SBJsonStreamParser.h */ = {isa = PBXFileReference; fileEncoding = 4; lastKnownFileType = sourcecode.c.h; path = SBJsonStreamParser.h; sourceTree = "<group>"; };
		E7DD324214EF4EAB00A283FC /* SBJsonStreamParser.m */ = {isa = PBXFileReference; fileEncoding = 4; lastKnownFileType = sourcecode.c.objc; path = SBJsonStreamParser.m; sourceTree = "<group>"; };
		E7DD324314EF4EAB00A283FC /* SBJsonStreamParserAccumulator.h */ = {isa = PBXFileReference; fileEncoding = 4; lastKnownFileType = sourcecode.c.h; path = SBJsonStreamParserAccumulator.h; sourceTree = "<group>"; };
		E7DD324414EF4EAB00A283FC /* SBJsonStreamParserAccumulator.m */ = {isa = PBXFileReference; fileEncoding = 4; lastKnownFileType = sourcecode.c.objc; path = SBJsonStreamParserAccumulator.m; sourceTree = "<group>"; };
		E7DD324514EF4EAB00A283FC /* SBJsonStreamParserAdapter.h */ = {isa = PBXFileReference; fileEncoding = 4; lastKnownFileType = sourcecode.c.h; path = SBJsonStreamParserAdapter.h; sourceTree = "<group>"; };
		E7DD324614EF4EAB00A283FC /* SBJsonStreamParserAdapter.m */ = {isa = PBXFileReference; fileEncoding = 4; lastKnownFileType = sourcecode.c.objc; path = SBJsonStreamParserAdapter.m; sourceTree = "<group>"; };
		E7DD324714EF4EAB00A283FC /* SBJsonStreamParserState.h */ = {isa = PBXFileReference; fileEncoding = 4; lastKnownFileType = sourcecode.c.h; path = SBJsonStreamParserState.h; sourceTree = "<group>"; };
		E7DD324814EF4EAB00A283FC /* SBJsonStreamParserState.m */ = {isa = PBXFileReference; fileEncoding = 4; lastKnownFileType = sourcecode.c.objc; path = SBJsonStreamParserState.m; sourceTree = "<group>"; };
		E7DD324914EF4EAB00A283FC /* SBJsonStreamWriter.h */ = {isa = PBXFileReference; fileEncoding = 4; lastKnownFileType = sourcecode.c.h; path = SBJsonStreamWriter.h; sourceTree = "<group>"; };
		E7DD324A14EF4EAB00A283FC /* SBJsonStreamWriter.m */ = {isa = PBXFileReference; fileEncoding = 4; lastKnownFileType = sourcecode.c.objc; path = SBJsonStreamWriter.m; sourceTree = "<group>"; };
		E7DD324B14EF4EAB00A283FC /* SBJsonStreamWriterAccumulator.h */ = {isa = PBXFileReference; fileEncoding = 4; lastKnownFileType = sourcecode.c.h; path = SBJsonStreamWriterAccumulator.h; sourceTree = "<group>"; };
		E7DD324C14EF4EAB00A283FC /* SBJsonStreamWriterAccumulator.m */ = {isa = PBXFileReference; fileEncoding = 4; lastKnownFileType = sourcecode.c.objc; path = SBJsonStreamWriterAccumulator.m; sourceTree = "<group>"; };
		E7DD324D14EF4EAB00A283FC /* SBJsonStreamWriterState.h */ = {isa = PBXFileReference; fileEncoding = 4; lastKnownFileType = sourcecode.c.h; path = SBJsonStreamWriterState.h; sourceTree = "<group>"; };
		E7DD324E14EF4EAB00A283FC /* SBJsonStreamWriterState.m */ = {isa = PBXFileReference; fileEncoding = 4; lastKnownFileType = sourcecode.c.objc; path = SBJsonStreamWriterState.m; sourceTree = "<group>"; };
		E7DD324F14EF4EAB00A283FC /* SBJsonTokeniser.h */ = {isa = PBXFileReference; fileEncoding = 4; lastKnownFileType = sourcecode.c.h; path = SBJsonTokeniser.h; sourceTree = "<group>"; };
		E7DD325014EF4EAB00A283FC /* SBJsonTokeniser.m */ = {isa = PBXFileReference; fileEncoding = 4; lastKnownFileType = sourcecode.c.objc; path = SBJsonTokeniser.m; sourceTree = "<group>"; };
		E7DD325114EF4EAB00A283FC /* SBJsonUTF8Stream.h */ = {isa = PBXFileReference; fileEncoding = 4; lastKnownFileType = sourcecode.c.h; path = SBJsonUTF8Stream.h; sourceTree = "<group>"; };
		E7DD325214EF4EAB00A283FC /* SBJsonUTF8Stream.m */ = {isa = PBXFileReference; fileEncoding = 4; lastKnownFileType = sourcecode.c.objc; path = SBJsonUTF8Stream.m; sourceTree = "<group>"; };
		E7DD325314EF4EAB00A283FC /* SBJsonWriter.h */ = {isa = PBXFileReference; fileEncoding = 4; lastKnownFileType = sourcecode.c.h; path = SBJsonWriter.h; sourceTree = "<group>"; };
		E7DD325414EF4EAB00A283FC /* SBJsonWriter.m */ = {isa = PBXFileReference; fileEncoding = 4; lastKnownFileType = sourcecode.c.objc; path = SBJsonWriter.m; sourceTree = "<group>"; };
		E7DD326314EF5D8F00A283FC /* downloadOperation.h */ = {isa = PBXFileReference; fileEncoding = 4; lastKnownFileType = sourcecode.c.h; path = downloadOperation.h; sourceTree = "<group>"; };
		E7DD326414EF5D8F00A283FC /* downloadOperation.m */ = {isa = PBXFileReference; fileEncoding = 4; lastKnownFileType = sourcecode.c.objc; path = downloadOperation.m; sourceTree = "<group>"; };
		E7DD326F14EF811700A283FC /* SystemConfiguration.framework */ = {isa = PBXFileReference; lastKnownFileType = wrapper.framework; name = SystemConfiguration.framework; path = System/Library/Frameworks/SystemConfiguration.framework; sourceTree = SDKROOT; };
		E7DD327714EF834D00A283FC /* Reachability.h */ = {isa = PBXFileReference; fileEncoding = 4; lastKnownFileType = sourcecode.c.h; path = Reachability.h; sourceTree = "<group>"; };
		E7DD327814EF834D00A283FC /* Reachability.m */ = {isa = PBXFileReference; fileEncoding = 4; lastKnownFileType = sourcecode.c.objc; path = Reachability.m; sourceTree = "<group>"; };
		E7FBF21914EBA9C600FD0FE9 /* notificationBackground.png */ = {isa = PBXFileReference; lastKnownFileType = image.png; path = notificationBackground.png; sourceTree = "<group>"; };
		E7FBF21A14EBA9C600FD0FE9 /* notificationBackground@2x.png */ = {isa = PBXFileReference; lastKnownFileType = image.png; path = "notificationBackground@2x.png"; sourceTree = "<group>"; };
/* End PBXFileReference section */

/* Begin PBXFrameworksBuildPhase section */
		E77CE94C14E3CC82006BED88 /* Frameworks */ = {
			isa = PBXFrameworksBuildPhase;
			buildActionMask = 2147483647;
			files = (
				E7DD327014EF811700A283FC /* SystemConfiguration.framework in Frameworks */,
				E77CE95414E3CC82006BED88 /* UIKit.framework in Frameworks */,
				E77CE95614E3CC82006BED88 /* Foundation.framework in Frameworks */,
				E77CE95814E3CC82006BED88 /* CoreGraphics.framework in Frameworks */,
				E77CE9A814E3E8B4006BED88 /* QuartzCore.framework in Frameworks */,
			);
			runOnlyForDeploymentPostprocessing = 0;
		};
/* End PBXFrameworksBuildPhase section */

/* Begin PBXGroup section */
		E70BB23314E61226001A4A31 /* images */ = {
			isa = PBXGroup;
			children = (
				E75FE53C14F65B4700D48BDB /* car.png */,
				E75FE53014F6519500D48BDB /* game@2x.png */,
				E75FE53114F6519500D48BDB /* game.png */,
				E773E25D14F09A500003E4B5 /* tipCell@2x.png */,
				E773E25E14F09A500003E4B5 /* tipCell.png */,
				E760283714EE630100B10A89 /* forwardBackground.png */,
				E760283814EE630100B10A89 /* forwardBackground@2x.png */,
				E78F2CBB14ED1DF600B3E44C /* badgeBackground@2x.png */,
				E78F2CBC14ED1DF600B3E44C /* badgeBackground.png */,
				E7FBF21914EBA9C600FD0FE9 /* notificationBackground.png */,
				E7FBF21A14EBA9C600FD0FE9 /* notificationBackground@2x.png */,
				E70BB28514E7AB3E001A4A31 /* iBlog-icon@2x.png */,
				E7047C0914EA7568008C98E8 /* netbar.png */,
				E7047C0A14EA7568008C98E8 /* netbar@2x.png */,
				E7047BF014EA63F6008C98E8 /* star.png */,
				E7047BF414EA6788008C98E8 /* more.png */,
				E7047BF514EA6788008C98E8 /* more@2x.png */,
				E7047BF114EA63F6008C98E8 /* star@2x.png */,
				E7047C0514EA6F05008C98E8 /* delete.png */,
				E7047C0614EA6F05008C98E8 /* delete@2x.png */,
				E7047BEC14EA6387008C98E8 /* speaker@2x.png */,
				E7047BED14EA6387008C98E8 /* speaker.png */,
				E7047BE714EA62B5008C98E8 /* comment.png */,
				E7047BE814EA62B5008C98E8 /* comment@2x.png */,
				E70BB28314E7AB35001A4A31 /* iBlog-icon.png */,
				E70BB27114E75CE7001A4A31 /* tabTransparentBackground.png */,
				E70BB27514E75E22001A4A31 /* refresh-white.png */,
				E70BB27614E75E22001A4A31 /* refresh-white@2x.png */,
				E70BB27214E75CE7001A4A31 /* tabTransparentBackground@2x.png */,
				E70BB25014E62AC7001A4A31 /* refresh@2x.png */,
				E70BB26614E742CF001A4A31 /* toolbarBackground.png */,
				E70BB26714E742CF001A4A31 /* toolbarBackground@2x.png */,
				E70BB25A14E62E52001A4A31 /* post@2x.png */,
				E70BB25E14E63BD3001A4A31 /* plane@2x.png */,
				E70BB25F14E63BD3001A4A31 /* plane.png */,
				E70BB25B14E62E53001A4A31 /* post.png */,
				E70BB25414E62B38001A4A31 /* toolbarBackButtonBackgroundPortrait.png */,
				E70BB25614E62D2C001A4A31 /* hat@2x.png */,
				E70BB25714E62D2C001A4A31 /* hat.png */,
				E70BB25114E62AC7001A4A31 /* refresh.png */,
				E70BB22F14E61218001A4A31 /* tabBarPortraitBackground@2x.png */,
				E70BB23014E61218001A4A31 /* tabBarPortraitBackground.png */,
				E70BB22B14E606ED001A4A31 /* navigationPortraitBackground@2x.png */,
				E70BB22C14E606ED001A4A31 /* navigationPortraitBackground.png */,
				E70BB24314E61728001A4A31 /* profile@2x.png */,
				E70BB22714E5F82F001A4A31 /* home@2x.png */,
				E70BB24714E61827001A4A31 /* config@2x.png */,
				E70BB22914E5FCD6001A4A31 /* message@2x.png */,
				E70BB24514E617F1001A4A31 /* tool@2x.png */,
				E77CE9AB14E3EB70006BED88 /* Default@2x.png */,
				E77CE9A914E3EB6C006BED88 /* Default.png */,
				E7047BFD14EA6C45008C98E8 /* navigationBackground.png */,
				E7047BFE14EA6C45008C98E8 /* navigationBackground@2x.png */,
				E77CE98C14E3E19D006BED88 /* blackArrow.png */,
				E77CE98D14E3E19D006BED88 /* blackArrow@2x.png */,
				E77CE98E14E3E19D006BED88 /* blueArrow.png */,
				E77CE98F14E3E19D006BED88 /* blueArrow@2x.png */,
				E77CE99014E3E19D006BED88 /* grayArrow.png */,
				E77CE99114E3E19D006BED88 /* grayArrow@2x.png */,
				E77CE99214E3E19D006BED88 /* whiteArrow.png */,
				E77CE99314E3E19D006BED88 /* whiteArrow@2x.png */,
				E77CE97E14E3CD66006BED88 /* home.png */,
				E77CE97F14E3CD66006BED88 /* config.png */,
				E77CE98014E3CD66006BED88 /* tool.png */,
				E77CE98114E3CD66006BED88 /* profile.png */,
				E77CE98214E3CD66006BED88 /* message.png */,
			);
			name = images;
			sourceTree = "<group>";
		};
		E75FE53414F6547200D48BDB /* Car */ = {
			isa = PBXGroup;
			children = (
				E75FE53514F6549A00D48BDB /* Car.h */,
				E75FE53614F6549A00D48BDB /* Car.m */,
			);
			name = Car;
			sourceTree = "<group>";
		};
		E773E24A14F06D9F0003E4B5 /* Post */ = {
			isa = PBXGroup;
			children = (
				E773E24C14F06F050003E4B5 /* Post.h */,
				E773E24D14F06F050003E4B5 /* Post.m */,
			);
			name = Post;
			sourceTree = "<group>";
		};
		E773E26414F0C5030003E4B5 /* SDWebImage */ = {
			isa = PBXGroup;
			children = (
				E773E27914F0C6150003E4B5 /* SDImageCache.h */,
				E773E27C14F0C6360003E4B5 /* SDWebImageDownloaderDelegate.h */,
				E773E27D14F0C64A0003E4B5 /* SDImageCacheDelegate.h */,
				E773E27A14F0C6150003E4B5 /* SDImageCache.m */,
				E773E27314F0C6090003E4B5 /* SDWebImagePrefetcher.h */,
				E773E27414F0C6090003E4B5 /* SDWebImagePrefetcher.m */,
				E773E27514F0C6090003E4B5 /* UIButton+WebCache.h */,
				E773E27614F0C6090003E4B5 /* UIButton+WebCache.m */,
				E773E26D14F0C5F50003E4B5 /* SDWebImageDecoder.h */,
				E773E26E14F0C5F50003E4B5 /* SDWebImageDecoder.m */,
				E773E26F14F0C5F50003E4B5 /* SDWebImageDownloader.h */,
				E773E27014F0C5F50003E4B5 /* SDWebImageDownloader.m */,
				E773E26914F0C5CA0003E4B5 /* SDWebImageManager.h */,
				E773E26A14F0C5CA0003E4B5 /* SDWebImageManager.m */,
				E773E26B14F0C5CA0003E4B5 /* SDWebImageManagerDelegate.h */,
				E773E26514F0C5510003E4B5 /* UIImageView+WebCache.h */,
				E773E26814F0C5AA0003E4B5 /* SDWebImageCompat.h */,
				E773E26614F0C5510003E4B5 /* UIImageView+WebCache.m */,
			);
			name = SDWebImage;
			sourceTree = "<group>";
		};
		E77CE94414E3CC82006BED88 = {
			isa = PBXGroup;
			children = (
				E77CE95914E3CC82006BED88 /* iBlog */,
				E77CE95214E3CC82006BED88 /* Frameworks */,
				E77CE95014E3CC82006BED88 /* Products */,
			);
			sourceTree = "<group>";
		};
		E77CE95014E3CC82006BED88 /* Products */ = {
			isa = PBXGroup;
			children = (
				E77CE94F14E3CC82006BED88 /* iBlog.app */,
			);
			name = Products;
			sourceTree = "<group>";
		};
		E77CE95214E3CC82006BED88 /* Frameworks */ = {
			isa = PBXGroup;
			children = (
				E7DD326F14EF811700A283FC /* SystemConfiguration.framework */,
				E77CE9A714E3E8B4006BED88 /* QuartzCore.framework */,
				E77CE95314E3CC82006BED88 /* UIKit.framework */,
				E77CE95514E3CC82006BED88 /* Foundation.framework */,
				E77CE95714E3CC82006BED88 /* CoreGraphics.framework */,
			);
			name = Frameworks;
			sourceTree = "<group>";
		};
		E77CE95914E3CC82006BED88 /* iBlog */ = {
			isa = PBXGroup;
			children = (
				E7DD326114EF5CF300A283FC /* Classes */,
				E77CE9A214E3E253006BED88 /* Controller */,
				E77CE9A114E3E23D006BED88 /* Delegate */,
				E77CE95A14E3CC82006BED88 /* Supporting Files */,
			);
			path = iBlog;
			sourceTree = "<group>";
		};
		E77CE95A14E3CC82006BED88 /* Supporting Files */ = {
			isa = PBXGroup;
			children = (
				E70BB23314E61226001A4A31 /* images */,
				E77CE95B14E3CC82006BED88 /* iBlog-Info.plist */,
				E77CE95C14E3CC82006BED88 /* InfoPlist.strings */,
				E77CE95F14E3CC82006BED88 /* main.m */,
				E77CE96114E3CC82006BED88 /* iBlog-Prefix.pch */,
			);
			name = "Supporting Files";
			sourceTree = "<group>";
		};
		E77CE99C14E3E1C4006BED88 /* RefreshTableHeaderView */ = {
			isa = PBXGroup;
			children = (
				E77CE99D14E3E20A006BED88 /* EGORefreshTableHeaderView.h */,
				E77CE99E14E3E20A006BED88 /* EGORefreshTableHeaderView.m */,
			);
			name = RefreshTableHeaderView;
			sourceTree = "<group>";
		};
		E77CE9A114E3E23D006BED88 /* Delegate */ = {
			isa = PBXGroup;
			children = (
				E77CE96214E3CC82006BED88 /* AppDelegate.h */,
				E77CE96314E3CC82006BED88 /* AppDelegate.m */,
			);
			name = Delegate;
			sourceTree = "<group>";
		};
		E77CE9A214E3E253006BED88 /* Controller */ = {
			isa = PBXGroup;
			children = (
				E77CE96514E3CC82006BED88 /* PostsTableViewController.h */,
				E77CE96614E3CC82006BED88 /* PostsTableViewController.m */,
				E77CE97314E3CC82006BED88 /* PostsTableViewController.xib */,
				E70BB24914E61D69001A4A31 /* PostDetailViewController.h */,
				E70BB24A14E61D69001A4A31 /* PostDetailViewController.m */,
				E70BB24B14E61D69001A4A31 /* PostDetailViewController.xib */,
				E7047BF814EA693C008C98E8 /* CommentViewController.h */,
				E7047BF914EA693C008C98E8 /* CommentViewController.m */,
				E7047BFA14EA693C008C98E8 /* CommentViewController.xib */,
				E77CE96C14E3CC82006BED88 /* MessageViewController.h */,
				E77CE96D14E3CC82006BED88 /* MessageViewController.m */,
				E77CE97614E3CC82006BED88 /* MessageViewController.xib */,
				E70BB23414E6140D001A4A31 /* ProfileViewController.h */,
				E70BB23514E6140D001A4A31 /* ProfileViewController.m */,
				E70BB23614E6140D001A4A31 /* ProfileViewController.xib */,
				E70BB23914E61574001A4A31 /* ToolViewController.h */,
				E70BB23A14E61574001A4A31 /* ToolViewController.m */,
				E70BB23B14E61574001A4A31 /* ToolViewController.xib */,
				E70BB27D14E794E5001A4A31 /* PostCell.h */,
				E70BB27E14E794E5001A4A31 /* PostCell.m */,
				E70BB28114E79723001A4A31 /* PostCell.xib */,
				E773E25814F090920003E4B5 /* TipCell.h */,
				E773E25914F090920003E4B5 /* TipCell.m */,
				E773E25B14F090AD0003E4B5 /* TipCell.xib */,
				E7367EE314F50DE1004C3769 /* ToolPageViewController.h */,
				E7367EE414F50DE1004C3769 /* ToolPageViewController.m */,
				E7367EE514F50DE1004C3769 /* ToolPageViewController.xib */,
				E75FE52714F64A2500D48BDB /* GameViewController.h */,
				E75FE52814F64A2500D48BDB /* GameViewController.m */,
				E75FE52914F64A2500D48BDB /* GameViewController.xib */,
			);
			name = Controller;
			sourceTree = "<group>";
		};
		E7DD321414EF4D7700A283FC /* SBJSON */ = {
			isa = PBXGroup;
			children = (
				E7DD323C14EF4EAB00A283FC /* NSObject+SBJson.h */,
				E7DD323D14EF4EAB00A283FC /* NSObject+SBJson.m */,
				E7DD323E14EF4EAB00A283FC /* SBJson.h */,
				E7DD323F14EF4EAB00A283FC /* SBJsonParser.h */,
				E7DD324014EF4EAB00A283FC /* SBJsonParser.m */,
				E7DD324114EF4EAB00A283FC /* SBJsonStreamParser.h */,
				E7DD324214EF4EAB00A283FC /* SBJsonStreamParser.m */,
				E7DD324314EF4EAB00A283FC /* SBJsonStreamParserAccumulator.h */,
				E7DD324414EF4EAB00A283FC /* SBJsonStreamParserAccumulator.m */,
				E7DD324514EF4EAB00A283FC /* SBJsonStreamParserAdapter.h */,
				E7DD324614EF4EAB00A283FC /* SBJsonStreamParserAdapter.m */,
				E7DD324714EF4EAB00A283FC /* SBJsonStreamParserState.h */,
				E7DD324814EF4EAB00A283FC /* SBJsonStreamParserState.m */,
				E7DD324914EF4EAB00A283FC /* SBJsonStreamWriter.h */,
				E7DD324A14EF4EAB00A283FC /* SBJsonStreamWriter.m */,
				E7DD324B14EF4EAB00A283FC /* SBJsonStreamWriterAccumulator.h */,
				E7DD324C14EF4EAB00A283FC /* SBJsonStreamWriterAccumulator.m */,
				E7DD324D14EF4EAB00A283FC /* SBJsonStreamWriterState.h */,
				E7DD324E14EF4EAB00A283FC /* SBJsonStreamWriterState.m */,
				E7DD324F14EF4EAB00A283FC /* SBJsonTokeniser.h */,
				E7DD325014EF4EAB00A283FC /* SBJsonTokeniser.m */,
				E7DD325114EF4EAB00A283FC /* SBJsonUTF8Stream.h */,
				E7DD325214EF4EAB00A283FC /* SBJsonUTF8Stream.m */,
				E7DD325314EF4EAB00A283FC /* SBJsonWriter.h */,
				E7DD325414EF4EAB00A283FC /* SBJsonWriter.m */,
			);
			name = SBJSON;
			sourceTree = "<group>";
		};
		E7DD326114EF5CF300A283FC /* Classes */ = {
			isa = PBXGroup;
			children = (
				E75FE53414F6547200D48BDB /* Car */,
				E773E26414F0C5030003E4B5 /* SDWebImage */,
				E773E24A14F06D9F0003E4B5 /* Post */,
				E7DD326614EF804C00A283FC /* Reachability */,
				E7DD326214EF5D2100A283FC /* Operation */,
				E77CE99C14E3E1C4006BED88 /* RefreshTableHeaderView */,
				E7DD321414EF4D7700A283FC /* SBJSON */,
			);
			name = Classes;
			sourceTree = "<group>";
		};
		E7DD326214EF5D2100A283FC /* Operation */ = {
			isa = PBXGroup;
			children = (
				E7DD326314EF5D8F00A283FC /* downloadOperation.h */,
				E7DD326414EF5D8F00A283FC /* downloadOperation.m */,
			);
			name = Operation;
			sourceTree = "<group>";
		};
		E7DD326614EF804C00A283FC /* Reachability */ = {
			isa = PBXGroup;
			children = (
				E7DD327714EF834D00A283FC /* Reachability.h */,
				E7DD327814EF834D00A283FC /* Reachability.m */,
			);
			name = Reachability;
			sourceTree = "<group>";
		};
/* End PBXGroup section */

/* Begin PBXNativeTarget section */
		E77CE94E14E3CC82006BED88 /* iBlog */ = {
			isa = PBXNativeTarget;
			buildConfigurationList = E77CE97B14E3CC82006BED88 /* Build configuration list for PBXNativeTarget "iBlog" */;
			buildPhases = (
				E77CE94B14E3CC82006BED88 /* Sources */,
				E77CE94C14E3CC82006BED88 /* Frameworks */,
				E77CE94D14E3CC82006BED88 /* Resources */,
			);
			buildRules = (
			);
			dependencies = (
			);
			name = iBlog;
			productName = iBlog;
			productReference = E77CE94F14E3CC82006BED88 /* iBlog.app */;
			productType = "com.apple.product-type.application";
		};
/* End PBXNativeTarget section */

/* Begin PBXProject section */
		E77CE94614E3CC82006BED88 /* Project object */ = {
			isa = PBXProject;
			attributes = {
				LastUpgradeCheck = 0430;
			};
			buildConfigurationList = E77CE94914E3CC82006BED88 /* Build configuration list for PBXProject "iBlog" */;
			compatibilityVersion = "Xcode 3.2";
			developmentRegion = English;
			hasScannedForEncodings = 0;
			knownRegions = (
				en,
			);
			mainGroup = E77CE94414E3CC82006BED88;
			productRefGroup = E77CE95014E3CC82006BED88 /* Products */;
			projectDirPath = "";
			projectRoot = "";
			targets = (
				E77CE94E14E3CC82006BED88 /* iBlog */,
			);
		};
/* End PBXProject section */

/* Begin PBXResourcesBuildPhase section */
		E77CE94D14E3CC82006BED88 /* Resources */ = {
			isa = PBXResourcesBuildPhase;
			buildActionMask = 2147483647;
			files = (
				E77CE95E14E3CC82006BED88 /* InfoPlist.strings in Resources */,
				E77CE97514E3CC82006BED88 /* PostsTableViewController.xib in Resources */,
				E77CE97814E3CC82006BED88 /* MessageViewController.xib in Resources */,
				E77CE98314E3CD66006BED88 /* home.png in Resources */,
				E77CE98414E3CD66006BED88 /* config.png in Resources */,
				E77CE98514E3CD66006BED88 /* tool.png in Resources */,
				E77CE98614E3CD66006BED88 /* profile.png in Resources */,
				E77CE98714E3CD66006BED88 /* message.png in Resources */,
				E77CE99414E3E19D006BED88 /* blackArrow.png in Resources */,
				E77CE99514E3E19D006BED88 /* blackArrow@2x.png in Resources */,
				E77CE99614E3E19D006BED88 /* blueArrow.png in Resources */,
				E77CE99714E3E19D006BED88 /* blueArrow@2x.png in Resources */,
				E77CE99814E3E19D006BED88 /* grayArrow.png in Resources */,
				E77CE99914E3E19D006BED88 /* grayArrow@2x.png in Resources */,
				E77CE99A14E3E19D006BED88 /* whiteArrow.png in Resources */,
				E77CE99B14E3E19D006BED88 /* whiteArrow@2x.png in Resources */,
				E77CE9AA14E3EB6C006BED88 /* Default.png in Resources */,
				E77CE9AC14E3EB70006BED88 /* Default@2x.png in Resources */,
				E70BB22814E5F82F001A4A31 /* home@2x.png in Resources */,
				E70BB22A14E5FCD6001A4A31 /* message@2x.png in Resources */,
				E70BB22D14E606ED001A4A31 /* navigationPortraitBackground@2x.png in Resources */,
				E70BB22E14E606ED001A4A31 /* navigationPortraitBackground.png in Resources */,
				E70BB23114E61218001A4A31 /* tabBarPortraitBackground@2x.png in Resources */,
				E70BB23214E61218001A4A31 /* tabBarPortraitBackground.png in Resources */,
				E70BB23814E6140D001A4A31 /* ProfileViewController.xib in Resources */,
				E70BB23D14E61574001A4A31 /* ToolViewController.xib in Resources */,
				E70BB24414E61729001A4A31 /* profile@2x.png in Resources */,
				E70BB24614E617F1001A4A31 /* tool@2x.png in Resources */,
				E70BB24814E61827001A4A31 /* config@2x.png in Resources */,
				E70BB24D14E61D69001A4A31 /* PostDetailViewController.xib in Resources */,
				E70BB25214E62AC7001A4A31 /* refresh@2x.png in Resources */,
				E70BB25314E62AC7001A4A31 /* refresh.png in Resources */,
				E70BB25514E62B38001A4A31 /* toolbarBackButtonBackgroundPortrait.png in Resources */,
				E70BB25814E62D2C001A4A31 /* hat@2x.png in Resources */,
				E70BB25914E62D2C001A4A31 /* hat.png in Resources */,
				E70BB25C14E62E53001A4A31 /* post@2x.png in Resources */,
				E70BB25D14E62E53001A4A31 /* post.png in Resources */,
				E70BB26014E63BD3001A4A31 /* plane@2x.png in Resources */,
				E70BB26114E63BD3001A4A31 /* plane.png in Resources */,
				E70BB26814E742CF001A4A31 /* toolbarBackground.png in Resources */,
				E70BB26914E742CF001A4A31 /* toolbarBackground@2x.png in Resources */,
				E70BB27314E75CE7001A4A31 /* tabTransparentBackground.png in Resources */,
				E70BB27414E75CE7001A4A31 /* tabTransparentBackground@2x.png in Resources */,
				E70BB27714E75E23001A4A31 /* refresh-white.png in Resources */,
				E70BB27814E75E23001A4A31 /* refresh-white@2x.png in Resources */,
				E70BB28214E79723001A4A31 /* PostCell.xib in Resources */,
				E70BB28414E7AB35001A4A31 /* iBlog-icon.png in Resources */,
				E70BB28614E7AB3E001A4A31 /* iBlog-icon@2x.png in Resources */,
				E7047BE914EA62B5008C98E8 /* comment.png in Resources */,
				E7047BEA14EA62B5008C98E8 /* comment@2x.png in Resources */,
				E7047BEE14EA6387008C98E8 /* speaker@2x.png in Resources */,
				E7047BEF14EA6387008C98E8 /* speaker.png in Resources */,
				E7047BF214EA63F6008C98E8 /* star.png in Resources */,
				E7047BF314EA63F6008C98E8 /* star@2x.png in Resources */,
				E7047BF614EA6788008C98E8 /* more.png in Resources */,
				E7047BF714EA6788008C98E8 /* more@2x.png in Resources */,
				E7047BFC14EA693C008C98E8 /* CommentViewController.xib in Resources */,
				E7047BFF14EA6C45008C98E8 /* navigationBackground.png in Resources */,
				E7047C0014EA6C45008C98E8 /* navigationBackground@2x.png in Resources */,
				E7047C0714EA6F05008C98E8 /* delete.png in Resources */,
				E7047C0814EA6F05008C98E8 /* delete@2x.png in Resources */,
				E7047C0B14EA7568008C98E8 /* netbar.png in Resources */,
				E7047C0C14EA7568008C98E8 /* netbar@2x.png in Resources */,
				E7FBF21B14EBA9C600FD0FE9 /* notificationBackground.png in Resources */,
				E7FBF21C14EBA9C600FD0FE9 /* notificationBackground@2x.png in Resources */,
				E78F2CBD14ED1DF600B3E44C /* badgeBackground@2x.png in Resources */,
				E78F2CBE14ED1DF600B3E44C /* badgeBackground.png in Resources */,
				E760283914EE630100B10A89 /* forwardBackground.png in Resources */,
				E760283A14EE630100B10A89 /* forwardBackground@2x.png in Resources */,
				E773E25C14F090AD0003E4B5 /* TipCell.xib in Resources */,
				E773E25F14F09A500003E4B5 /* tipCell@2x.png in Resources */,
				E773E26014F09A500003E4B5 /* tipCell.png in Resources */,
				E7367EE714F50DE1004C3769 /* ToolPageViewController.xib in Resources */,
				E75FE52B14F64A2500D48BDB /* GameViewController.xib in Resources */,
				E75FE53214F6519500D48BDB /* game@2x.png in Resources */,
				E75FE53314F6519500D48BDB /* game.png in Resources */,
				E75FE53D14F65B4700D48BDB /* car.png in Resources */,
			);
			runOnlyForDeploymentPostprocessing = 0;
		};
/* End PBXResourcesBuildPhase section */

/* Begin PBXSourcesBuildPhase section */
		E77CE94B14E3CC82006BED88 /* Sources */ = {
			isa = PBXSourcesBuildPhase;
			buildActionMask = 2147483647;
			files = (
				E77CE96014E3CC82006BED88 /* main.m in Sources */,
				E77CE96414E3CC82006BED88 /* AppDelegate.m in Sources */,
				E77CE96714E3CC82006BED88 /* PostsTableViewController.m in Sources */,
				E77CE96E14E3CC82006BED88 /* MessageViewController.m in Sources */,
				E77CE99F14E3E20A006BED88 /* EGORefreshTableHeaderView.m in Sources */,
				E70BB23714E6140D001A4A31 /* ProfileViewController.m in Sources */,
				E70BB23C14E61574001A4A31 /* ToolViewController.m in Sources */,
				E70BB24C14E61D69001A4A31 /* PostDetailViewController.m in Sources */,
				E70BB27F14E794E6001A4A31 /* PostCell.m in Sources */,
				E7047BFB14EA693C008C98E8 /* CommentViewController.m in Sources */,
				E7DD325514EF4EAB00A283FC /* NSObject+SBJson.m in Sources */,
				E7DD325614EF4EAB00A283FC /* SBJsonParser.m in Sources */,
				E7DD325714EF4EAB00A283FC /* SBJsonStreamParser.m in Sources */,
				E7DD325814EF4EAB00A283FC /* SBJsonStreamParserAccumulator.m in Sources */,
				E7DD325914EF4EAB00A283FC /* SBJsonStreamParserAdapter.m in Sources */,
				E7DD325A14EF4EAB00A283FC /* SBJsonStreamParserState.m in Sources */,
				E7DD325B14EF4EAB00A283FC /* SBJsonStreamWriter.m in Sources */,
				E7DD325C14EF4EAB00A283FC /* SBJsonStreamWriterAccumulator.m in Sources */,
				E7DD325D14EF4EAB00A283FC /* SBJsonStreamWriterState.m in Sources */,
				E7DD325E14EF4EAB00A283FC /* SBJsonTokeniser.m in Sources */,
				E7DD325F14EF4EAB00A283FC /* SBJsonUTF8Stream.m in Sources */,
				E7DD326014EF4EAB00A283FC /* SBJsonWriter.m in Sources */,
				E7DD326514EF5D8F00A283FC /* downloadOperation.m in Sources */,
				E7DD327914EF834D00A283FC /* Reachability.m in Sources */,
				E773E24E14F06F050003E4B5 /* Post.m in Sources */,
				E773E25A14F090920003E4B5 /* TipCell.m in Sources */,
				E773E26714F0C5510003E4B5 /* UIImageView+WebCache.m in Sources */,
				E773E26C14F0C5CA0003E4B5 /* SDWebImageManager.m in Sources */,
				E773E27114F0C5F50003E4B5 /* SDWebImageDecoder.m in Sources */,
				E773E27214F0C5F50003E4B5 /* SDWebImageDownloader.m in Sources */,
				E773E27714F0C6090003E4B5 /* SDWebImagePrefetcher.m in Sources */,
				E773E27814F0C6090003E4B5 /* UIButton+WebCache.m in Sources */,
				E773E27B14F0C6150003E4B5 /* SDImageCache.m in Sources */,
				E7367EE614F50DE1004C3769 /* ToolPageViewController.m in Sources */,
				E75FE52A14F64A2500D48BDB /* GameViewController.m in Sources */,
				E75FE53714F6549A00D48BDB /* Car.m in Sources */,
			);
			runOnlyForDeploymentPostprocessing = 0;
		};
/* End PBXSourcesBuildPhase section */

/* Begin PBXVariantGroup section */
		E77CE95C14E3CC82006BED88 /* InfoPlist.strings */ = {
			isa = PBXVariantGroup;
			children = (
				E77CE95D14E3CC82006BED88 /* en */,
			);
			name = InfoPlist.strings;
			sourceTree = "<group>";
		};
		E77CE97314E3CC82006BED88 /* PostsTableViewController.xib */ = {
			isa = PBXVariantGroup;
			children = (
				E77CE97414E3CC82006BED88 /* en */,
			);
			name = PostsTableViewController.xib;
			sourceTree = "<group>";
		};
		E77CE97614E3CC82006BED88 /* MessageViewController.xib */ = {
			isa = PBXVariantGroup;
			children = (
				E77CE97714E3CC82006BED88 /* en */,
			);
			name = MessageViewController.xib;
			sourceTree = "<group>";
		};
/* End PBXVariantGroup section */

/* Begin XCBuildConfiguration section */
		E77CE97914E3CC82006BED88 /* Debug */ = {
			isa = XCBuildConfiguration;
			buildSettings = {
				ALWAYS_SEARCH_USER_PATHS = NO;
				ARCHS = "$(ARCHS_STANDARD_32_BIT)";
				CLANG_ENABLE_OBJC_ARC = YES;
				"CODE_SIGN_IDENTITY[sdk=iphoneos*]" = "iPhone Developer";
				COPY_PHASE_STRIP = NO;
				GCC_C_LANGUAGE_STANDARD = gnu99;
				GCC_DYNAMIC_NO_PIC = NO;
				GCC_OPTIMIZATION_LEVEL = 0;
				GCC_PREPROCESSOR_DEFINITIONS = (
					"DEBUG=1",
					"$(inherited)",
				);
				GCC_SYMBOLS_PRIVATE_EXTERN = NO;
				GCC_VERSION = com.apple.compilers.llvm.clang.1_0;
				GCC_WARN_ABOUT_MISSING_PROTOTYPES = YES;
				GCC_WARN_ABOUT_RETURN_TYPE = YES;
				GCC_WARN_UNUSED_VARIABLE = YES;
				IPHONEOS_DEPLOYMENT_TARGET = 5.0;
				SDKROOT = iphoneos;
			};
			name = Debug;
		};
		E77CE97A14E3CC82006BED88 /* Release */ = {
			isa = XCBuildConfiguration;
			buildSettings = {
				ALWAYS_SEARCH_USER_PATHS = NO;
				ARCHS = "$(ARCHS_STANDARD_32_BIT)";
				CLANG_ENABLE_OBJC_ARC = YES;
				"CODE_SIGN_IDENTITY[sdk=iphoneos*]" = "iPhone Developer";
				COPY_PHASE_STRIP = YES;
				GCC_C_LANGUAGE_STANDARD = gnu99;
				GCC_VERSION = com.apple.compilers.llvm.clang.1_0;
				GCC_WARN_ABOUT_MISSING_PROTOTYPES = YES;
				GCC_WARN_ABOUT_RETURN_TYPE = YES;
				GCC_WARN_UNUSED_VARIABLE = YES;
				IPHONEOS_DEPLOYMENT_TARGET = 5.0;
				OTHER_CFLAGS = "-DNS_BLOCK_ASSERTIONS=1";
				SDKROOT = iphoneos;
				VALIDATE_PRODUCT = YES;
			};
			name = Release;
		};
		E77CE97C14E3CC82006BED88 /* Debug */ = {
			isa = XCBuildConfiguration;
			buildSettings = {
				GCC_PRECOMPILE_PREFIX_HEADER = YES;
				GCC_PREFIX_HEADER = "iBlog/iBlog-Prefix.pch";
				INFOPLIST_FILE = "iBlog/iBlog-Info.plist";
				PRODUCT_NAME = "$(TARGET_NAME)";
				WRAPPER_EXTENSION = app;
			};
			name = Debug;
		};
		E77CE97D14E3CC82006BED88 /* Release */ = {
			isa = XCBuildConfiguration;
			buildSettings = {
				GCC_PRECOMPILE_PREFIX_HEADER = YES;
				GCC_PREFIX_HEADER = "iBlog/iBlog-Prefix.pch";
				INFOPLIST_FILE = "iBlog/iBlog-Info.plist";
				PRODUCT_NAME = "$(TARGET_NAME)";
				WRAPPER_EXTENSION = app;
			};
			name = Release;
		};
/* End XCBuildConfiguration section */

/* Begin XCConfigurationList section */
		E77CE94914E3CC82006BED88 /* Build configuration list for PBXProject "iBlog" */ = {
			isa = XCConfigurationList;
			buildConfigurations = (
				E77CE97914E3CC82006BED88 /* Debug */,
				E77CE97A14E3CC82006BED88 /* Release */,
			);
			defaultConfigurationIsVisible = 0;
			defaultConfigurationName = Release;
		};
		E77CE97B14E3CC82006BED88 /* Build configuration list for PBXNativeTarget "iBlog" */ = {
			isa = XCConfigurationList;
			buildConfigurations = (
				E77CE97C14E3CC82006BED88 /* Debug */,
				E77CE97D14E3CC82006BED88 /* Release */,
			);
			defaultConfigurationIsVisible = 0;
			defaultConfigurationName = Release;
		};
/* End XCConfigurationList section */
	};
	rootObject = E77CE94614E3CC82006BED88 /* Project object */;
}
